# This file is automatically @generated by Cargo.
# It is not intended for manual editing.
version = 3

[[package]]
name = "musicos-ai-providers"
version = "0.0.1"

[[package]]
name = "musicos-ai-runtime"
version = "0.0.1"

[[package]]
name = "musicos-arrangement"
version = "0.0.1"

[[package]]
name = "musicos-audio-engine"
version = "0.0.1"

[[package]]
name = "musicos-audio-graph"
version = "0.0.1"

[[package]]
name = "musicos-cli"
version = "0.0.1"
dependencies = [
 "musicos-project-service",
]

[[package]]
name = "musicos-composition"
version = "0.0.1"

[[package]]
name = "musicos-config"
version = "0.0.1"

[[package]]
name = "musicos-core-types"
version = "0.0.1"

[[package]]
name = "musicos-dsp"
version = "0.0.1"

[[package]]
name = "musicos-events"
version = "0.0.1"

[[package]]
name = "musicos-harmony"
version = "0.0.1"

[[package]]
name = "musicos-instruments"
version = "0.0.1"

[[package]]
name = "musicos-mcp-server"
version = "0.0.1"

[[package]]
name = "musicos-midi"
version = "0.0.1"

[[package]]
name = "musicos-music-core"
version = "0.0.1"

[[package]]
name = "musicos-plugin-api"
version = "0.0.1"

[[package]]
name = "musicos-plugin-host"
version = "0.0.1"

[[package]]
name = "musicos-project-model"
version = "0.0.1"

[[package]]
name = "musicos-project-service"
version = "0.0.1"
dependencies = [
 "musicos-core-types",
]

[[package]]
name = "musicos-render"
version = "0.0.1"

[[package]]
name = "musicos-rhythm"
version = "0.0.1"

[[package]]
name = "musicos-sdk"
version = "0.0.1"
dependencies = [
 "musicos-core-types",
 "musicos-project-service",
]

[[package]]
name = "musicos-server"
version = "0.0.1"
dependencies = [
 "musicos-project-service",
]

[[package]]
name = "musicos-storage"
version = "0.0.1"

[[package]]
name = "musicos-telemetry"
version = "0.0.1"

[[package]]
name = "musicos-timeline"
version = "0.0.1"

[[package]]
name = "musicos-tools"
version = "0.0.1"
